// !$*UTF8*$!
{
	archiveVersion = 1;
	classes = {
	};
	objectVersion = 56;
	objects = {

/* Begin PBXBuildFile section */
		9BCA28B32B947E1B0075DBE7 /* main.swift in Sources */ = {isa = PBXBuildFile; fileRef = 9BCA28B22B947E1B0075DBE7 /* main.swift */; };
		9BCA28BC2B947E830075DBE7 /* DTO.swift in Sources */ = {isa = PBXBuildFile; fileRef = 9BCA28B92B947E830075DBE7 /* DTO.swift */; };
		9BCA28BD2B947E830075DBE7 /* IObjectService.swift in Sources */ = {isa = PBXBuildFile; fileRef = 9BCA28BA2B947E830075DBE7 /* IObjectService.swift */; };
		9BCA28BE2B947E830075DBE7 /* ObjectAlamofireService.swift in Sources */ = {isa = PBXBuildFile; fileRef = 9BCA28BB2B947E830075DBE7 /* ObjectAlamofireService.swift */; };
		9BCA28C12B947EE00075DBE7 /* Alamofire in Frameworks */ = {isa = PBXBuildFile; productRef = 9BCA28C02B947EE00075DBE7 /* Alamofire */; };
/* End PBXBuildFile section */

/* Begin PBXCopyFilesBuildPhase section */
		9BCA28AD2B947E1B0075DBE7 /* CopyFiles */ = {
			isa = PBXCopyFilesBuildPhase;
			buildActionMask = 2147483647;
			dstPath = /usr/share/man/man1/;
			dstSubfolderSpec = 0;
			files = (
			);
			runOnlyForDeploymentPostprocessing = 1;
		};
/* End PBXCopyFilesBuildPhase section */

/* Begin PBXFileReference section */
		9BCA28AF2B947E1B0075DBE7 /* Time to Alamofire */ = {isa = PBXFileReference; explicitFileType = "compiled.mach-o.executable"; includeInIndex = 0; path = "Time to Alamofire"; sourceTree = BUILT_PRODUCTS_DIR; };
		9BCA28B22B947E1B0075DBE7 /* main.swift */ = {isa = PBXFileReference; lastKnownFileType = sourcecode.swift; path = main.swift; sourceTree = "<group>"; };
		9BCA28B92B947E830075DBE7 /* DTO.swift */ = {isa = PBXFileReference; fileEncoding = 4; lastKnownFileType = sourcecode.swift; path = DTO.swift; sourceTree = "<group>"; };
		9BCA28BA2B947E830075DBE7 /* IObjectService.swift */ = {isa = PBXFileReference; fileEncoding = 4; lastKnownFileType = sourcecode.swift; path = IObjectService.swift; sourceTree = "<group>"; };
		9BCA28BB2B947E830075DBE7 /* ObjectAlamofireService.swift */ = {isa = PBXFileReference; fileEncoding = 4; lastKnownFileType = sourcecode.swift; path = ObjectAlamofireService.swift; sourceTree = "<group>"; };
/* End PBXFileReference section */

/* Begin PBXFrameworksBuildPhase section */
		9BCA28AC2B947E1B0075DBE7 /* Frameworks */ = {
			isa = PBXFrameworksBuildPhase;
			buildActionMask = 2147483647;
			files = (
				9BCA28C12B947EE00075DBE7 /* Alamofire in Frameworks */,
			);
			runOnlyForDeploymentPostprocessing = 0;
		};
/* End PBXFrameworksBuildPhase section */

/* Begin PBXGroup section */
		9BCA28A62B947E1B0075DBE7 = {
			isa = PBXGroup;
			children = (
				9BCA28B12B947E1B0075DBE7 /* Time to Alamofire */,
				9BCA28B02B947E1B0075DBE7 /* Products */,
			);
			sourceTree = "<group>";
		};
		9BCA28B02B947E1B0075DBE7 /* Products */ = {
			isa = PBXGroup;
			children = (
				9BCA28AF2B947E1B0075DBE7 /* Time to Alamofire */,
			);
			name = Products;
			sourceTree = "<group>";
		};
		9BCA28B12B947E1B0075DBE7 /* Time to Alamofire */ = {
			isa = PBXGroup;
			children = (
				9BCA28B92B947E830075DBE7 /* DTO.swift */,
				9BCA28BA2B947E830075DBE7 /* IObjectService.swift */,
				9BCA28BB2B947E830075DBE7 /* ObjectAlamofireService.swift */,
				9BCA28B22B947E1B0075DBE7 /* main.swift */,
			);
			path = "Time to Alamofire";
			sourceTree = "<group>";
		};
/* End PBXGroup section */

/* Begin PBXNativeTarget section */
		9BCA28AE2B947E1B0075DBE7 /* Time to Alamofire */ = {
			isa = PBXNativeTarget;
			buildConfigurationList = 9BCA28B62B947E1B0075DBE7 /* Build configuration list for PBXNativeTarget "Time to Alamofire" */;
			buildPhases = (
				9BCA28AB2B947E1B0075DBE7 /* Sources */,
				9BCA28AC2B947E1B0075DBE7 /* Frameworks */,
				9BCA28AD2B947E1B0075DBE7 /* CopyFiles */,
			);
			buildRules = (
			);
			dependencies = (
			);
			name = "Time to Alamofire";
			packageProductDependencies = (
				9BCA28C02B947EE00075DBE7 /* Alamofire */,
			);
			productName = "Time to Alamofire";
			productReference = 9BCA28AF2B947E1B0075DBE7 /* Time to Alamofire */;
			productType = "com.apple.product-type.tool";
		};
/* End PBXNativeTarget section */

/* Begin PBXProject section */
		9BCA28A72B947E1B0075DBE7 /* Project object */ = {
			isa = PBXProject;
			attributes = {
				BuildIndependentTargetsInParallel = 1;
				LastSwiftUpdateCheck = 1430;
				LastUpgradeCheck = 1430;
				TargetAttributes = {
					9BCA28AE2B947E1B0075DBE7 = {
						CreatedOnToolsVersion = 14.3.1;
					};
				};
			};
			buildConfigurationList = 9BCA28AA2B947E1B0075DBE7 /* Build configuration list for PBXProject "Time to Alamofire" */;
			compatibilityVersion = "Xcode 14.0";
			developmentRegion = en;
			hasScannedForEncodings = 0;
			knownRegions = (
				en,
				Base,
			);
			mainGroup = 9BCA28A62B947E1B0075DBE7;
			packageReferences = (
				9BCA28BF2B947EE00075DBE7 /* XCRemoteSwiftPackageReference "Alamofire" */,
			);
			productRefGroup = 9BCA28B02B947E1B0075DBE7 /* Products */;
			projectDirPath = "";
			projectRoot = "";
			targets = (
				9BCA28AE2B947E1B0075DBE7 /* Time to Alamofire */,
			);
		};
/* End PBXProject section */

/* Begin PBXSourcesBuildPhase section */
		9BCA28AB2B947E1B0075DBE7 /* Sources */ = {
			isa = PBXSourcesBuildPhase;
			buildActionMask = 2147483647;
			files = (
				9BCA28B32B947E1B0075DBE7 /* main.swift in Sources */,
				9BCA28BC2B947E830075DBE7 /* DTO.swift in Sources */,
				9BCA28BD2B947E830075DBE7 /* IObjectService.swift in Sources */,
				9BCA28BE2B947E830075DBE7 /* ObjectAlamofireService.swift in Sources */,
			);
			runOnlyForDeploymentPostprocessing = 0;
		};
/* End PBXSourcesBuildPhase section */

/* Begin XCBuildConfiguration section */
		9BCA28B42B947E1B0075DBE7 /* Debug */ = {
			isa = XCBuildConfiguration;
			buildSettings = {
				ALWAYS_SEARCH_USER_PATHS = NO;
				CLANG_ANALYZER_NONNULL = YES;
				CLANG_ANALYZER_NUMBER_OBJECT_CONVERSION = YES_AGGRESSIVE;
				CLANG_CXX_LANGUAGE_STANDARD = "gnu++20";
				CLANG_ENABLE_MODULES = YES;
				CLANG_ENABLE_OBJC_ARC = YES;
				CLANG_ENABLE_OBJC_WEAK = YES;
				CLANG_WARN_BLOCK_CAPTURE_AUTORELEASING = YES;
				CLANG_WARN_BOOL_CONVERSION = YES;
				CLANG_WARN_COMMA = YES;
				CLANG_WARN_CONSTANT_CONVERSION = YES;
				CLANG_WARN_DEPRECATED_OBJC_IMPLEMENTATIONS = YES;
				CLANG_WARN_DIRECT_OBJC_ISA_USAGE = YES_ERROR;
				CLANG_WARN_DOCUMENTATION_COMMENTS = YES;
				CLANG_WARN_EMPTY_BODY = YES;
				CLANG_WARN_ENUM_CONVERSION = YES;
				CLANG_WARN_INFINITE_RECURSION = YES;
				CLANG_WARN_INT_CONVERSION = YES;
				CLANG_WARN_NON_LITERAL_NULL_CONVERSION = YES;
				CLANG_WARN_OBJC_IMPLICIT_RETAIN_SELF = YES;
				CLANG_WARN_OBJC_LITERAL_CONVERSION = YES;
				CLANG_WARN_OBJC_ROOT_CLASS = YES_ERROR;
				CLANG_WARN_QUOTED_INCLUDE_IN_FRAMEWORK_HEADER = YES;
				CLANG_WARN_RANGE_LOOP_ANALYSIS = YES;
				CLANG_WARN_STRICT_PROTOTYPES = YES;
				CLANG_WARN_SUSPICIOUS_MOVE = YES;
				CLANG_WARN_UNGUARDED_AVAILABILITY = YES_AGGRESSIVE;
				CLANG_WARN_UNREACHABLE_CODE = YES;
				CLANG_WARN__DUPLICATE_METHOD_MATCH = YES;
				COPY_PHASE_STRIP = NO;
				DEBUG_INFORMATION_FORMAT = dwarf;
				ENABLE_STRICT_OBJC_MSGSEND = YES;
				ENABLE_TESTABILITY = YES;
				GCC_C_LANGUAGE_STANDARD = gnu11;
				GCC_DYNAMIC_NO_PIC = NO;
				GCC_NO_COMMON_BLOCKS = YES;
				GCC_OPTIMIZATION_LEVEL = 0;
				GCC_PREPROCESSOR_DEFINITIONS = (
					"DEBUG=1",
					"$(inherited)",
				);
				GCC_WARN_64_TO_32_BIT_CONVERSION = YES;
				GCC_WARN_ABOUT_RETURN_TYPE = YES_ERROR;
				GCC_WARN_UNDECLARED_SELECTOR = YES;
				GCC_WARN_UNINITIALIZED_AUTOS = YES_AGGRESSIVE;
				GCC_WARN_UNUSED_FUNCTION = YES;
				GCC_WARN_UNUSED_VARIABLE = YES;
				MACOSX_DEPLOYMENT_TARGET = 13.3;
				MTL_ENABLE_DEBUG_INFO = INCLUDE_SOURCE;
				MTL_FAST_MATH = YES;
				ONLY_ACTIVE_ARCH = YES;
				SDKROOT = macosx;
				SWIFT_ACTIVE_COMPILATION_CONDITIONS = DEBUG;
				SWIFT_OPTIMIZATION_LEVEL = "-Onone";
			};
			name = Debug;
		};
		9BCA28B52B947E1B0075DBE7 /* Release */ = {
			isa = XCBuildConfiguration;
			buildSettings = {
				ALWAYS_SEARCH_USER_PATHS = NO;
				CLANG_ANALYZER_NONNULL = YES;
				CLANG_ANALYZER_NUMBER_OBJECT_CONVERSION = YES_AGGRESSIVE;
				CLANG_CXX_LANGUAGE_STANDARD = "gnu++20";
				CLANG_ENABLE_MODULES = YES;
				CLANG_ENABLE_OBJC_ARC = YES;
				CLANG_ENABLE_OBJC_WEAK = YES;
				CLANG_WARN_BLOCK_CAPTURE_AUTORELEASING = YES;
				CLANG_WARN_BOOL_CONVERSION = YES;
				CLANG_WARN_COMMA = YES;
				CLANG_WARN_CONSTANT_CONVERSION = YES;
				CLANG_WARN_DEPRECATED_OBJC_IMPLEMENTATIONS = YES;
				CLANG_WARN_DIRECT_OBJC_ISA_USAGE = YES_ERROR;
				CLANG_WARN_DOCUMENTATION_COMMENTS = YES;
				CLANG_WARN_EMPTY_BODY = YES;
				CLANG_WARN_ENUM_CONVERSION = YES;
				CLANG_WARN_INFINITE_RECURSION = YES;
				CLANG_WARN_INT_CONVERSION = YES;
				CLANG_WARN_NON_LITERAL_NULL_CONVERSION = YES;
				CLANG_WARN_OBJC_IMPLICIT_RETAIN_SELF = YES;
				CLANG_WARN_OBJC_LITERAL_CONVERSION = YES;
				CLANG_WARN_OBJC_ROOT_CLASS = YES_ERROR;
				CLANG_WARN_QUOTED_INCLUDE_IN_FRAMEWORK_HEADER = YES;
				CLANG_WARN_RANGE_LOOP_ANALYSIS = YES;
				CLANG_WARN_STRICT_PROTOTYPES = YES;
				CLANG_WARN_SUSPICIOUS_MOVE = YES;
				CLANG_WARN_UNGUARDED_AVAILABILITY = YES_AGGRESSIVE;
				CLANG_WARN_UNREACHABLE_CODE = YES;
				CLANG_WARN__DUPLICATE_METHOD_MATCH = YES;
				COPY_PHASE_STRIP = NO;
				DEBUG_INFORMATION_FORMAT = "dwarf-with-dsym";
				ENABLE_NS_ASSERTIONS = NO;
				ENABLE_STRICT_OBJC_MSGSEND = YES;
				GCC_C_LANGUAGE_STANDARD = gnu11;
				GCC_NO_COMMON_BLOCKS = YES;
				GCC_WARN_64_TO_32_BIT_CONVERSION = YES;
				GCC_WARN_ABOUT_RETURN_TYPE = YES_ERROR;
				GCC_WARN_UNDECLARED_SELECTOR = YES;
				GCC_WARN_UNINITIALIZED_AUTOS = YES_AGGRESSIVE;
				GCC_WARN_UNUSED_FUNCTION = YES;
				GCC_WARN_UNUSED_VARIABLE = YES;
				MACOSX_DEPLOYMENT_TARGET = 13.3;
				MTL_ENABLE_DEBUG_INFO = NO;
				MTL_FAST_MATH = YES;
				SDKROOT = macosx;
				SWIFT_COMPILATION_MODE = wholemodule;
				SWIFT_OPTIMIZATION_LEVEL = "-O";
			};
			name = Release;
		};
		9BCA28B72B947E1B0075DBE7 /* Debug */ = {
			isa = XCBuildConfiguration;
			buildSettings = {
				CODE_SIGN_STYLE = Automatic;
				PRODUCT_NAME = "$(TARGET_NAME)";
				SWIFT_VERSION = 5.0;
			};
			name = Debug;
		};
		9BCA28B82B947E1B0075DBE7 /* Release */ = {
			isa = XCBuildConfiguration;
			buildSettings = {
				CODE_SIGN_STYLE = Automatic;
				PRODUCT_NAME = "$(TARGET_NAME)";
				SWIFT_VERSION = 5.0;
			};
			name = Release;
		};
/* End XCBuildConfiguration section */

/* Begin XCConfigurationList section */
		9BCA28AA2B947E1B0075DBE7 /* Build configuration list for PBXProject "Time to Alamofire" */ = {
			isa = XCConfigurationList;
			buildConfigurations = (
				9BCA28B42B947E1B0075DBE7 /* Debug */,
				9BCA28B52B947E1B0075DBE7 /* Release */,
			);
			defaultConfigurationIsVisible = 0;
			defaultConfigurationName = Release;
		};
		9BCA28B62B947E1B0075DBE7 /* Build configuration list for PBXNativeTarget "Time to Alamofire" */ = {
			isa = XCConfigurationList;
			buildConfigurations = (
				9BCA28B72B947E1B0075DBE7 /* Debug */,
				9BCA28B82B947E1B0075DBE7 /* Release */,
			);
			defaultConfigurationIsVisible = 0;
			defaultConfigurationName = Release;
		};
/* End XCConfigurationList section */

/* Begin XCRemoteSwiftPackageReference section */
		9BCA28BF2B947EE00075DBE7 /* XCRemoteSwiftPackageReference "Alamofire" */ = {
			isa = XCRemoteSwiftPackageReference;
			repositoryURL = "https://github.com/Alamofire/Alamofire.git";
			requirement = {
				kind = exactVersion;
				version = 5.8.1;
			};
		};
/* End XCRemoteSwiftPackageReference section */

/* Begin XCSwiftPackageProductDependency section */
		9BCA28C02B947EE00075DBE7 /* Alamofire */ = {
			isa = XCSwiftPackageProductDependency;
			package = 9BCA28BF2B947EE00075DBE7 /* XCRemoteSwiftPackageReference "Alamofire" */;
			productName = Alamofire;
		};
/* End XCSwiftPackageProductDependency section */
	};
	rootObject = 9BCA28A72B947E1B0075DBE7 /* Project object */;
}
